
Microsoft Visual Studio Solution File, Format Version 12.00
# Visual Studio 15
VisualStudioVersion = 15.0.28307.168
MinimumVisualStudioVersion = 10.0.40219.1
Project("{FAE04EC0-301F-11D3-BF4B-00C04F79EFBC}") = "Vidly", "Vidly\Vidly.csproj", "{374B80F4-3674-4881-A742-64C9F8ECEA34}"
EndProject
Project("{FAE04EC0-301F-11D3-BF4B-00C04F79EFBC}") = "Vidly.Tests", "Vidly.Tests\Vidly.Tests.csproj", "{4D9E382D-4CF6-4F22-8D58-A7F4CB100E16}"
EndProject
Global
	GlobalSection(SolutionConfigurationPlatforms) = preSolution
		Debug|Any CPU = Debug|Any CPU
		Release|Any CPU = Release|Any CPU
	EndGlobalSection
	GlobalSection(ProjectConfigurationPlatforms) = postSolution
		{374B80F4-3674-4881-A742-64C9F8ECEA34}.Debug|Any CPU.ActiveCfg = Debug|Any CPU
		{374B80F4-3674-4881-A742-64C9F8ECEA34}.Debug|Any CPU.Build.0 = Debug|Any CPU
		{374B80F4-3674-4881-A742-64C9F8ECEA34}.Release|Any CPU.ActiveCfg = Release|Any CPU
		{374B80F4-3674-4881-A742-64C9F8ECEA34}.Release|Any CPU.Build.0 = Release|Any CPU
		{4D9E382D-4CF6-4F22-8D58-A7F4CB100E16}.Debug|Any CPU.ActiveCfg = Debug|Any CPU
		{4D9E382D-4CF6-4F22-8D58-A7F4CB100E16}.Debug|Any CPU.Build.0 = Debug|Any CPU
		{4D9E382D-4CF6-4F22-8D58-A7F4CB100E16}.Release|Any CPU.ActiveCfg = Release|Any CPU
		{4D9E382D-4CF6-4F22-8D58-A7F4CB100E16}.Release|Any CPU.Build.0 = Release|Any CPU
	EndGlobalSection
	GlobalSection(SolutionProperties) = preSolution
		HideSolutionNode = FALSE
	EndGlobalSection
	GlobalSection(ExtensibilityGlobals) = postSolution
		SolutionGuid = {D117216F-34A3-4698-BD7E-E1565AF4E32E}
	EndGlobalSection
EndGlobal
